
Microsoft Visual Studio Solution File, Format Version 12.00
# Visual Studio 11
Project("{FAE04EC0-301F-11D3-BF4B-00C04F79EFBC}") = "ComicRead", "ComicRead\ComicRead.csproj", "{77F01440-5F99-4035-B087-65211BAF0E0F}"
EndProject
Global
	GlobalSection(SolutionConfigurationPlatforms) = preSolution
		Debug|Any CPU = Debug|Any CPU
		Release|Any CPU = Release|Any CPU
	EndGlobalSection
	GlobalSection(ProjectConfigurationPlatforms) = postSolution
		{77F01440-5F99-4035-B087-65211BAF0E0F}.Debug|Any CPU.ActiveCfg = Debug|Any CPU
		{77F01440-5F99-4035-B087-65211BAF0E0F}.Debug|Any CPU.Build.0 = Debug|Any CPU
		{77F01440-5F99-4035-B087-65211BAF0E0F}.Release|Any CPU.ActiveCfg = Release|Any CPU
		{77F01440-5F99-4035-B087-65211BAF0E0F}.Release|Any CPU.Build.0 = Release|Any CPU
	EndGlobalSection
	GlobalSection(SolutionProperties) = preSolution
		HideSolutionNode = FALSE
	EndGlobalSection
EndGlobal
